// !$*UTF8*$!
{
	archiveVersion = 1;
	classes = {
	};
	objectVersion = 50;
	objects = {

/* Begin PBXBuildFile section */
		0CEF73FA935AB181798F2F6F /* Pods_AppCenterBuild.framework in Frameworks */ = {isa = PBXBuildFile; fileRef = 9EC694E996B34D2B99B5CB03 /* Pods_AppCenterBuild.framework */; };
		72357FDB224CC43B00B796D7 /* AppDelegate.swift in Sources */ = {isa = PBXBuildFile; fileRef = 72357FDA224CC43B00B796D7 /* AppDelegate.swift */; };
		72357FDD224CC43B00B796D7 /* ViewController.swift in Sources */ = {isa = PBXBuildFile; fileRef = 72357FDC224CC43B00B796D7 /* ViewController.swift */; };
		72357FE0224CC43B00B796D7 /* Main.storyboard in Resources */ = {isa = PBXBuildFile; fileRef = 72357FDE224CC43B00B796D7 /* Main.storyboard */; };
		72357FE2224CC43D00B796D7 /* Assets.xcassets in Resources */ = {isa = PBXBuildFile; fileRef = 72357FE1224CC43D00B796D7 /* Assets.xcassets */; };
		72357FE5224CC43D00B796D7 /* LaunchScreen.storyboard in Resources */ = {isa = PBXBuildFile; fileRef = 72357FE3224CC43D00B796D7 /* LaunchScreen.storyboard */; };
		72EB015A22CAF27400973F48 /* AppCenterBuildTests.swift in Sources */ = {isa = PBXBuildFile; fileRef = 72EB015922CAF27400973F48 /* AppCenterBuildTests.swift */; };
		72EB016122CAF39500973F48 /* AppcenterBuildTest.swift in Sources */ = {isa = PBXBuildFile; fileRef = 72EB015122CAF09D00973F48 /* AppcenterBuildTest.swift */; };
/* End PBXBuildFile section */

/* Begin PBXContainerItemProxy section */
		72EB015C22CAF27400973F48 /* PBXContainerItemProxy */ = {
			isa = PBXContainerItemProxy;
			containerPortal = 72357FCF224CC43B00B796D7 /* Project object */;
			proxyType = 1;
			remoteGlobalIDString = 72357FD6224CC43B00B796D7;
			remoteInfo = AppCenterBuild;
		};
/* End PBXContainerItemProxy section */

/* Begin PBXFileReference section */
		34B315FBC437C2C7D4F23C14 /* Pods-AppCenterBuild.debug.xcconfig */ = {isa = PBXFileReference; includeInIndex = 1; lastKnownFileType = text.xcconfig; name = "Pods-AppCenterBuild.debug.xcconfig"; path = "Pods/Target Support Files/Pods-AppCenterBuild/Pods-AppCenterBuild.debug.xcconfig"; sourceTree = "<group>"; };
		72357FD7224CC43B00B796D7 /* AppCenterBuild.app */ = {isa = PBXFileReference; explicitFileType = wrapper.application; includeInIndex = 0; path = AppCenterBuild.app; sourceTree = BUILT_PRODUCTS_DIR; };
		72357FDA224CC43B00B796D7 /* AppDelegate.swift */ = {isa = PBXFileReference; lastKnownFileType = sourcecode.swift; path = AppDelegate.swift; sourceTree = "<group>"; };
		72357FDC224CC43B00B796D7 /* ViewController.swift */ = {isa = PBXFileReference; lastKnownFileType = sourcecode.swift; path = ViewController.swift; sourceTree = "<group>"; };
		72357FDF224CC43B00B796D7 /* Base */ = {isa = PBXFileReference; lastKnownFileType = file.storyboard; name = Base; path = Base.lproj/Main.storyboard; sourceTree = "<group>"; };
		72357FE1224CC43D00B796D7 /* Assets.xcassets */ = {isa = PBXFileReference; lastKnownFileType = folder.assetcatalog; path = Assets.xcassets; sourceTree = "<group>"; };
		72357FE4224CC43D00B796D7 /* Base */ = {isa = PBXFileReference; lastKnownFileType = file.storyboard; name = Base; path = Base.lproj/LaunchScreen.storyboard; sourceTree = "<group>"; };
		72357FE6224CC43D00B796D7 /* Info.plist */ = {isa = PBXFileReference; lastKnownFileType = text.plist.xml; path = Info.plist; sourceTree = "<group>"; };
		72EB015122CAF09D00973F48 /* AppcenterBuildTest.swift */ = {isa = PBXFileReference; lastKnownFileType = sourcecode.swift; path = AppcenterBuildTest.swift; sourceTree = "<group>"; };
		72EB015722CAF27400973F48 /* AppCenterBuildTests.xctest */ = {isa = PBXFileReference; explicitFileType = wrapper.cfbundle; includeInIndex = 0; path = AppCenterBuildTests.xctest; sourceTree = BUILT_PRODUCTS_DIR; };
		72EB015922CAF27400973F48 /* AppCenterBuildTests.swift */ = {isa = PBXFileReference; lastKnownFileType = sourcecode.swift; path = AppCenterBuildTests.swift; sourceTree = "<group>"; };
		72EB015B22CAF27400973F48 /* Info.plist */ = {isa = PBXFileReference; lastKnownFileType = text.plist.xml; path = Info.plist; sourceTree = "<group>"; };
		77B6CAA345FF21706B67399C /* Pods-AppCenterBuild.release.xcconfig */ = {isa = PBXFileReference; includeInIndex = 1; lastKnownFileType = text.xcconfig; name = "Pods-AppCenterBuild.release.xcconfig"; path = "Pods/Target Support Files/Pods-AppCenterBuild/Pods-AppCenterBuild.release.xcconfig"; sourceTree = "<group>"; };
		9EC694E996B34D2B99B5CB03 /* Pods_AppCenterBuild.framework */ = {isa = PBXFileReference; explicitFileType = wrapper.framework; includeInIndex = 0; path = Pods_AppCenterBuild.framework; sourceTree = BUILT_PRODUCTS_DIR; };
/* End PBXFileReference section */

/* Begin PBXFrameworksBuildPhase section */
		72357FD4224CC43B00B796D7 /* Frameworks */ = {
			isa = PBXFrameworksBuildPhase;
			buildActionMask = 2147483647;
			files = (
				0CEF73FA935AB181798F2F6F /* Pods_AppCenterBuild.framework in Frameworks */,
			);
			runOnlyForDeploymentPostprocessing = 0;
		};
		72EB015422CAF27400973F48 /* Frameworks */ = {
			isa = PBXFrameworksBuildPhase;
			buildActionMask = 2147483647;
			files = (
			);
			runOnlyForDeploymentPostprocessing = 0;
		};
/* End PBXFrameworksBuildPhase section */

/* Begin PBXGroup section */
		421B4E341DAA3150D415EBB6 /* Pods */ = {
			isa = PBXGroup;
			children = (
				34B315FBC437C2C7D4F23C14 /* Pods-AppCenterBuild.debug.xcconfig */,
				77B6CAA345FF21706B67399C /* Pods-AppCenterBuild.release.xcconfig */,
			);
			name = Pods;
			sourceTree = "<group>";
		};
		72357FCE224CC43B00B796D7 = {
			isa = PBXGroup;
			children = (
				72EB015022CAF02900973F48 /* Test */,
				72357FD9224CC43B00B796D7 /* AppCenterBuild */,
				72EB015822CAF27400973F48 /* AppCenterBuildTests */,
				72357FD8224CC43B00B796D7 /* Products */,
				421B4E341DAA3150D415EBB6 /* Pods */,
				ECD1BA8CBCD71BE6A4AAFFB1 /* Frameworks */,
			);
			sourceTree = "<group>";
		};
		72357FD8224CC43B00B796D7 /* Products */ = {
			isa = PBXGroup;
			children = (
				72357FD7224CC43B00B796D7 /* AppCenterBuild.app */,
				72EB015722CAF27400973F48 /* AppCenterBuildTests.xctest */,
			);
			name = Products;
			sourceTree = "<group>";
		};
		72357FD9224CC43B00B796D7 /* AppCenterBuild */ = {
			isa = PBXGroup;
			children = (
				72357FDA224CC43B00B796D7 /* AppDelegate.swift */,
				72357FDC224CC43B00B796D7 /* ViewController.swift */,
				72357FDE224CC43B00B796D7 /* Main.storyboard */,
				72357FE1224CC43D00B796D7 /* Assets.xcassets */,
				72357FE3224CC43D00B796D7 /* LaunchScreen.storyboard */,
				72357FE6224CC43D00B796D7 /* Info.plist */,
			);
			path = AppCenterBuild;
			sourceTree = "<group>";
		};
		72EB015022CAF02900973F48 /* Test */ = {
			isa = PBXGroup;
			children = (
				72EB015122CAF09D00973F48 /* AppcenterBuildTest.swift */,
			);
			path = Test;
			sourceTree = "<group>";
		};
		72EB015822CAF27400973F48 /* AppCenterBuildTests */ = {
			isa = PBXGroup;
			children = (
				72EB015922CAF27400973F48 /* AppCenterBuildTests.swift */,
				72EB015B22CAF27400973F48 /* Info.plist */,
			);
			path = AppCenterBuildTests;
			sourceTree = "<group>";
		};
		ECD1BA8CBCD71BE6A4AAFFB1 /* Frameworks */ = {
			isa = PBXGroup;
			children = (
				9EC694E996B34D2B99B5CB03 /* Pods_AppCenterBuild.framework */,
			);
			name = Frameworks;
			sourceTree = "<group>";
		};
/* End PBXGroup section */

/* Begin PBXNativeTarget section */
		72357FD6224CC43B00B796D7 /* AppCenterBuild */ = {
			isa = PBXNativeTarget;
			buildConfigurationList = 72357FE9224CC43D00B796D7 /* Build configuration list for PBXNativeTarget "AppCenterBuild" */;
			buildPhases = (
				58A1346DE0F9939D9EA7DBFA /* [CP] Check Pods Manifest.lock */,
				72357FD3224CC43B00B796D7 /* Sources */,
				72357FD4224CC43B00B796D7 /* Frameworks */,
				72357FD5224CC43B00B796D7 /* Resources */,
			);
			buildRules = (
			);
			dependencies = (
			);
			name = AppCenterBuild;
			productName = AppCenterBuild;
			productReference = 72357FD7224CC43B00B796D7 /* AppCenterBuild.app */;
			productType = "com.apple.product-type.application";
		};
		72EB015622CAF27400973F48 /* AppCenterBuildTests */ = {
			isa = PBXNativeTarget;
			buildConfigurationList = 72EB015E22CAF27400973F48 /* Build configuration list for PBXNativeTarget "AppCenterBuildTests" */;
			buildPhases = (
				72EB015322CAF27400973F48 /* Sources */,
				72EB015422CAF27400973F48 /* Frameworks */,
				72EB015522CAF27400973F48 /* Resources */,
			);
			buildRules = (
			);
			dependencies = (
				72EB015D22CAF27400973F48 /* PBXTargetDependency */,
			);
			name = AppCenterBuildTests;
			productName = AppCenterBuildTests;
			productReference = 72EB015722CAF27400973F48 /* AppCenterBuildTests.xctest */;
			productType = "com.apple.product-type.bundle.unit-test";
		};
/* End PBXNativeTarget section */

/* Begin PBXProject section */
		72357FCF224CC43B00B796D7 /* Project object */ = {
			isa = PBXProject;
			attributes = {
				LastSwiftUpdateCheck = 1020;
				LastUpgradeCheck = 1010;
				ORGANIZATIONNAME = "Thong Hao Yi";
				TargetAttributes = {
					72357FD6224CC43B00B796D7 = {
						CreatedOnToolsVersion = 10.1;
					};
					72EB015622CAF27400973F48 = {
						CreatedOnToolsVersion = 10.2.1;
						TestTargetID = 72357FD6224CC43B00B796D7;
					};
				};
			};
			buildConfigurationList = 72357FD2224CC43B00B796D7 /* Build configuration list for PBXProject "AppCenterBuild" */;
			compatibilityVersion = "Xcode 9.3";
			developmentRegion = en;
			hasScannedForEncodings = 0;
			knownRegions = (
				en,
				Base,
			);
			mainGroup = 72357FCE224CC43B00B796D7;
			productRefGroup = 72357FD8224CC43B00B796D7 /* Products */;
			projectDirPath = "";
			projectRoot = "";
			targets = (
				72357FD6224CC43B00B796D7 /* AppCenterBuild */,
				72EB015622CAF27400973F48 /* AppCenterBuildTests */,
			);
		};
/* End PBXProject section */

/* Begin PBXResourcesBuildPhase section */
		72357FD5224CC43B00B796D7 /* Resources */ = {
			isa = PBXResourcesBuildPhase;
			buildActionMask = 2147483647;
			files = (
				72357FE5224CC43D00B796D7 /* LaunchScreen.storyboard in Resources */,
				72357FE2224CC43D00B796D7 /* Assets.xcassets in Resources */,
				72357FE0224CC43B00B796D7 /* Main.storyboard in Resources */,
			);
			runOnlyForDeploymentPostprocessing = 0;
		};
		72EB015522CAF27400973F48 /* Resources */ = {
			isa = PBXResourcesBuildPhase;
			buildActionMask = 2147483647;
			files = (
			);
			runOnlyForDeploymentPostprocessing = 0;
		};
/* End PBXResourcesBuildPhase section */

/* Begin PBXShellScriptBuildPhase section */
		58A1346DE0F9939D9EA7DBFA /* [CP] Check Pods Manifest.lock */ = {
			isa = PBXShellScriptBuildPhase;
			buildActionMask = 2147483647;
			files = (
			);
			inputFileListPaths = (
			);
			inputPaths = (
				"${PODS_PODFILE_DIR_PATH}/Podfile.lock",
				"${PODS_ROOT}/Manifest.lock",
			);
			name = "[CP] Check Pods Manifest.lock";
			outputFileListPaths = (
			);
			outputPaths = (
				"$(DERIVED_FILE_DIR)/Pods-AppCenterBuild-checkManifestLockResult.txt",
			);
			runOnlyForDeploymentPostprocessing = 0;
			shellPath = /bin/sh;
			shellScript = "diff \"${PODS_PODFILE_DIR_PATH}/Podfile.lock\" \"${PODS_ROOT}/Manifest.lock\" > /dev/null\nif [ $? != 0 ] ; then\n    # print error to STDERR\n    echo \"error: The sandbox is not in sync with the Podfile.lock. Run 'pod install' or update your CocoaPods installation.\" >&2\n    exit 1\nfi\n# This output is used by Xcode 'outputs' to avoid re-running this script phase.\necho \"SUCCESS\" > \"${SCRIPT_OUTPUT_FILE_0}\"\n";
			showEnvVarsInLog = 0;
		};
/* End PBXShellScriptBuildPhase section */

/* Begin PBXSourcesBuildPhase section */
		72357FD3224CC43B00B796D7 /* Sources */ = {
			isa = PBXSourcesBuildPhase;
			buildActionMask = 2147483647;
			files = (
				72357FDD224CC43B00B796D7 /* ViewController.swift in Sources */,
				72357FDB224CC43B00B796D7 /* AppDelegate.swift in Sources */,
			);
			runOnlyForDeploymentPostprocessing = 0;
		};
		72EB015322CAF27400973F48 /* Sources */ = {
			isa = PBXSourcesBuildPhase;
			buildActionMask = 2147483647;
			files = (
				72EB015A22CAF27400973F48 /* AppCenterBuildTests.swift in Sources */,
				72EB016122CAF39500973F48 /* AppcenterBuildTest.swift in Sources */,
			);
			runOnlyForDeploymentPostprocessing = 0;
		};
/* End PBXSourcesBuildPhase section */

/* Begin PBXTargetDependency section */
		72EB015D22CAF27400973F48 /* PBXTargetDependency */ = {
			isa = PBXTargetDependency;
			target = 72357FD6224CC43B00B796D7 /* AppCenterBuild */;
			targetProxy = 72EB015C22CAF27400973F48 /* PBXContainerItemProxy */;
		};
/* End PBXTargetDependency section */

/* Begin PBXVariantGroup section */
		72357FDE224CC43B00B796D7 /* Main.storyboard */ = {
			isa = PBXVariantGroup;
			children = (
				72357FDF224CC43B00B796D7 /* Base */,
			);
			name = Main.storyboard;
			sourceTree = "<group>";
		};
		72357FE3224CC43D00B796D7 /* LaunchScreen.storyboard */ = {
			isa = PBXVariantGroup;
			children = (
				72357FE4224CC43D00B796D7 /* Base */,
			);
			name = LaunchScreen.storyboard;
			sourceTree = "<group>";
		};
/* End PBXVariantGroup section */

/* Begin XCBuildConfiguration section */
		72357FE7224CC43D00B796D7 /* Debug */ = {
			isa = XCBuildConfiguration;
			buildSettings = {
				ALWAYS_SEARCH_USER_PATHS = NO;
				CLANG_ANALYZER_NONNULL = YES;
				CLANG_ANALYZER_NUMBER_OBJECT_CONVERSION = YES_AGGRESSIVE;
				CLANG_CXX_LANGUAGE_STANDARD = "gnu++14";
				CLANG_CXX_LIBRARY = "libc++";
				CLANG_ENABLE_MODULES = YES;
				CLANG_ENABLE_OBJC_ARC = YES;
				CLANG_ENABLE_OBJC_WEAK = YES;
				CLANG_WARN_BLOCK_CAPTURE_AUTORELEASING = YES;
				CLANG_WARN_BOOL_CONVERSION = YES;
				CLANG_WARN_COMMA = YES;
				CLANG_WARN_CONSTANT_CONVERSION = YES;
				CLANG_WARN_DEPRECATED_OBJC_IMPLEMENTATIONS = YES;
				CLANG_WARN_DIRECT_OBJC_ISA_USAGE = YES_ERROR;
				CLANG_WARN_DOCUMENTATION_COMMENTS = YES;
				CLANG_WARN_EMPTY_BODY = YES;
				CLANG_WARN_ENUM_CONVERSION = YES;
				CLANG_WARN_INFINITE_RECURSION = YES;
				CLANG_WARN_INT_CONVERSION = YES;
				CLANG_WARN_NON_LITERAL_NULL_CONVERSION = YES;
				CLANG_WARN_OBJC_IMPLICIT_RETAIN_SELF = YES;
				CLANG_WARN_OBJC_LITERAL_CONVERSION = YES;
				CLANG_WARN_OBJC_ROOT_CLASS = YES_ERROR;
				CLANG_WARN_RANGE_LOOP_ANALYSIS = YES;
				CLANG_WARN_STRICT_PROTOTYPES = YES;
				CLANG_WARN_SUSPICIOUS_MOVE = YES;
				CLANG_WARN_UNGUARDED_AVAILABILITY = YES_AGGRESSIVE;
				CLANG_WARN_UNREACHABLE_CODE = YES;
				CLANG_WARN__DUPLICATE_METHOD_MATCH = YES;
				CODE_SIGN_IDENTITY = "iPhone Developer";
				COPY_PHASE_STRIP = NO;
				DEBUG_INFORMATION_FORMAT = dwarf;
				ENABLE_STRICT_OBJC_MSGSEND = YES;
				ENABLE_TESTABILITY = YES;
				GCC_C_LANGUAGE_STANDARD = gnu11;
				GCC_DYNAMIC_NO_PIC = NO;
				GCC_NO_COMMON_BLOCKS = YES;
				GCC_OPTIMIZATION_LEVEL = 0;
				GCC_PREPROCESSOR_DEFINITIONS = (
					"DEBUG=1",
					"$(inherited)",
				);
				GCC_WARN_64_TO_32_BIT_CONVERSION = YES;
				GCC_WARN_ABOUT_RETURN_TYPE = YES_ERROR;
				GCC_WARN_UNDECLARED_SELECTOR = YES;
				GCC_WARN_UNINITIALIZED_AUTOS = YES_AGGRESSIVE;
				GCC_WARN_UNUSED_FUNCTION = YES;
				GCC_WARN_UNUSED_VARIABLE = YES;
				IPHONEOS_DEPLOYMENT_TARGET = 12.1;
				MTL_ENABLE_DEBUG_INFO = INCLUDE_SOURCE;
				MTL_FAST_MATH = YES;
				ONLY_ACTIVE_ARCH = YES;
				SDKROOT = iphoneos;
				SWIFT_ACTIVE_COMPILATION_CONDITIONS = DEBUG;
				SWIFT_OPTIMIZATION_LEVEL = "-Onone";
			};
			name = Debug;
		};
		72357FE8224CC43D00B796D7 /* Release */ = {
			isa = XCBuildConfiguration;
			buildSettings = {
				ALWAYS_SEARCH_USER_PATHS = NO;
				CLANG_ANALYZER_NONNULL = YES;
				CLANG_ANALYZER_NUMBER_OBJECT_CONVERSION = YES_AGGRESSIVE;
				CLANG_CXX_LANGUAGE_STANDARD = "gnu++14";
				CLANG_CXX_LIBRARY = "libc++";
				CLANG_ENABLE_MODULES = YES;
				CLANG_ENABLE_OBJC_ARC = YES;
				CLANG_ENABLE_OBJC_WEAK = YES;
				CLANG_WARN_BLOCK_CAPTURE_AUTORELEASING = YES;
				CLANG_WARN_BOOL_CONVERSION = YES;
				CLANG_WARN_COMMA = YES;
				CLANG_WARN_CONSTANT_CONVERSION = YES;
				CLANG_WARN_DEPRECATED_OBJC_IMPLEMENTATIONS = YES;
				CLANG_WARN_DIRECT_OBJC_ISA_USAGE = YES_ERROR;
				CLANG_WARN_DOCUMENTATION_COMMENTS = YES;
				CLANG_WARN_EMPTY_BODY = YES;
				CLANG_WARN_ENUM_CONVERSION = YES;
				CLANG_WARN_INFINITE_RECURSION = YES;
				CLANG_WARN_INT_CONVERSION = YES;
				CLANG_WARN_NON_LITERAL_NULL_CONVERSION = YES;
				CLANG_WARN_OBJC_IMPLICIT_RETAIN_SELF = YES;
				CLANG_WARN_OBJC_LITERAL_CONVERSION = YES;
				CLANG_WARN_OBJC_ROOT_CLASS = YES_ERROR;
				CLANG_WARN_RANGE_LOOP_ANALYSIS = YES;
				CLANG_WARN_STRICT_PROTOTYPES = YES;
				CLANG_WARN_SUSPICIOUS_MOVE = YES;
				CLANG_WARN_UNGUARDED_AVAILABILITY = YES_AGGRESSIVE;
				CLANG_WARN_UNREACHABLE_CODE = YES;
				CLANG_WARN__DUPLICATE_METHOD_MATCH = YES;
				CODE_SIGN_IDENTITY = "iPhone Developer";
				COPY_PHASE_STRIP = NO;
				DEBUG_INFORMATION_FORMAT = "dwarf-with-dsym";
				ENABLE_NS_ASSERTIONS = NO;
				ENABLE_STRICT_OBJC_MSGSEND = YES;
				GCC_C_LANGUAGE_STANDARD = gnu11;
				GCC_NO_COMMON_BLOCKS = YES;
				GCC_WARN_64_TO_32_BIT_CONVERSION = YES;
				GCC_WARN_ABOUT_RETURN_TYPE = YES_ERROR;
				GCC_WARN_UNDECLARED_SELECTOR = YES;
				GCC_WARN_UNINITIALIZED_AUTOS = YES_AGGRESSIVE;
				GCC_WARN_UNUSED_FUNCTION = YES;
				GCC_WARN_UNUSED_VARIABLE = YES;
				IPHONEOS_DEPLOYMENT_TARGET = 12.1;
				MTL_ENABLE_DEBUG_INFO = NO;
				MTL_FAST_MATH = YES;
				SDKROOT = iphoneos;
				SWIFT_COMPILATION_MODE = wholemodule;
				SWIFT_OPTIMIZATION_LEVEL = "-O";
				VALIDATE_PRODUCT = YES;
			};
			name = Release;
		};
		72357FEA224CC43D00B796D7 /* Debug */ = {
			isa = XCBuildConfiguration;
			baseConfigurationReference = 34B315FBC437C2C7D4F23C14 /* Pods-AppCenterBuild.debug.xcconfig */;
			buildSettings = {
				ASSETCATALOG_COMPILER_APPICON_NAME = AppIcon;
				CODE_SIGN_STYLE = Automatic;
				DEVELOPMENT_TEAM = 2HNASAFU2S;
				INFOPLIST_FILE = AppCenterBuild/Info.plist;
				LD_RUNPATH_SEARCH_PATHS = (
					"$(inherited)",
					"@executable_path/Frameworks",
				);
				PRODUCT_BUNDLE_IDENTIFIER = com.abao.AppCenterBuild;
				PRODUCT_NAME = "$(TARGET_NAME)";
				SWIFT_VERSION = 4.2;
				TARGETED_DEVICE_FAMILY = "1,2";
			};
			name = Debug;
		};
		72357FEB224CC43D00B796D7 /* Release */ = {
			isa = XCBuildConfiguration;
			baseConfigurationReference = 77B6CAA345FF21706B67399C /* Pods-AppCenterBuild.release.xcconfig */;
			buildSettings = {
				ASSETCATALOG_COMPILER_APPICON_NAME = AppIcon;
				CODE_SIGN_STYLE = Automatic;
				DEVELOPMENT_TEAM = 2HNASAFU2S;
				INFOPLIST_FILE = AppCenterBuild/Info.plist;
				LD_RUNPATH_SEARCH_PATHS = (
					"$(inherited)",
					"@executable_path/Frameworks",
				);
				PRODUCT_BUNDLE_IDENTIFIER = com.abao.AppCenterBuild;
				PRODUCT_NAME = "$(TARGET_NAME)";
				SWIFT_VERSION = 4.2;
				TARGETED_DEVICE_FAMILY = "1,2";
			};
			name = Release;
		};
		72EB015F22CAF27400973F48 /* Debug */ = {
			isa = XCBuildConfiguration;
			buildSettings = {
				BUNDLE_LOADER = "$(TEST_HOST)";
				CODE_SIGN_STYLE = Automatic;
				DEVELOPMENT_TEAM = 2HNASAFU2S;
				INFOPLIST_FILE = AppCenterBuildTests/Info.plist;
				IPHONEOS_DEPLOYMENT_TARGET = 12.2;
				LD_RUNPATH_SEARCH_PATHS = (
					"$(inherited)",
					"@executable_path/Frameworks",
					"@loader_path/Frameworks",
				);
				PRODUCT_BUNDLE_IDENTIFIER = com.abao.AppCenterBuildTests;
				PRODUCT_NAME = "$(TARGET_NAME)";
				SWIFT_VERSION = 5.0;
				TARGETED_DEVICE_FAMILY = "1,2";
				TEST_HOST = "$(BUILT_PRODUCTS_DIR)/AppCenterBuild.app/AppCenterBuild";
			};
			name = Debug;
		};
		72EB016022CAF27400973F48 /* Release */ = {
			isa = XCBuildConfiguration;
			buildSettings = {
				BUNDLE_LOADER = "$(TEST_HOST)";
				CODE_SIGN_STYLE = Automatic;
				DEVELOPMENT_TEAM = 2HNASAFU2S;
				INFOPLIST_FILE = AppCenterBuildTests/Info.plist;
				IPHONEOS_DEPLOYMENT_TARGET = 12.2;
				LD_RUNPATH_SEARCH_PATHS = (
					"$(inherited)",
					"@executable_path/Frameworks",
					"@loader_path/Frameworks",
				);
				PRODUCT_BUNDLE_IDENTIFIER = com.abao.AppCenterBuildTests;
				PRODUCT_NAME = "$(TARGET_NAME)";
				SWIFT_VERSION = 5.0;
				TARGETED_DEVICE_FAMILY = "1,2";
				TEST_HOST = "$(BUILT_PRODUCTS_DIR)/AppCenterBuild.app/AppCenterBuild";
			};
			name = Release;
		};
/* End XCBuildConfiguration section */

/* Begin XCConfigurationList section */
		72357FD2224CC43B00B796D7 /* Build configuration list for PBXProject "AppCenterBuild" */ = {
			isa = XCConfigurationList;
			buildConfigurations = (
				72357FE7224CC43D00B796D7 /* Debug */,
				72357FE8224CC43D00B796D7 /* Release */,
			);
			defaultConfigurationIsVisible = 0;
			defaultConfigurationName = Release;
		};
		72357FE9224CC43D00B796D7 /* Build configuration list for PBXNativeTarget "AppCenterBuild" */ = {
			isa = XCConfigurationList;
			buildConfigurations = (
				72357FEA224CC43D00B796D7 /* Debug */,
				72357FEB224CC43D00B796D7 /* Release */,
			);
			defaultConfigurationIsVisible = 0;
			defaultConfigurationName = Release;
		};
		72EB015E22CAF27400973F48 /* Build configuration list for PBXNativeTarget "AppCenterBuildTests" */ = {
			isa = XCConfigurationList;
			buildConfigurations = (
				72EB015F22CAF27400973F48 /* Debug */,
				72EB016022CAF27400973F48 /* Release */,
			);
			defaultConfigurationIsVisible = 0;
			defaultConfigurationName = Release;
		};
/* End XCConfigurationList section */
	};
	rootObject = 72357FCF224CC43B00B796D7 /* Project object */;
}
